
Microsoft Visual Studio Solution File, Format Version 11.00
# Visual Studio 2010
Project("{FAE04EC0-301F-11D3-BF4B-00C04F79EFBC}") = "AstarPathfindingProject", "AstarPathfindingProject.csproj", "{44427D39-A5CA-42EF-B0E8-AD5410102EE4}"
EndProject
Project("{FAE04EC0-301F-11D3-BF4B-00C04F79EFBC}") = "Assembly-CSharp", "Assembly-CSharp.csproj", "{F0D58322-62F0-3B6A-C4AE-973398056525}"
EndProject
Project("{FAE04EC0-301F-11D3-BF4B-00C04F79EFBC}") = "Unity.2D.Tilemap.Extras", "Unity.2D.Tilemap.Extras.csproj", "{1A486EED-5172-C334-283C-750E9AE99EE6}"
EndProject
Project("{FAE04EC0-301F-11D3-BF4B-00C04F79EFBC}") = "AstarPathfindingProjectEditor", "AstarPathfindingProjectEditor.csproj", "{9A9AB865-8993-11D0-08F1-3229FA2046B9}"
EndProject
Project("{FAE04EC0-301F-11D3-BF4B-00C04F79EFBC}") = "Unity.2D.Tilemap.Extras.Editor", "Unity.2D.Tilemap.Extras.Editor.csproj", "{2F4433B7-25C9-7D11-33C0-CC33CC28CF4C}"
EndProject
Project("{FAE04EC0-301F-11D3-BF4B-00C04F79EFBC}") = "PackageToolsEditor", "PackageToolsEditor.csproj", "{FBF03D4D-2420-E706-E40E-10B71A9EF184}"
EndProject
Project("{FAE04EC0-301F-11D3-BF4B-00C04F79EFBC}") = "Unity.2D.Tilemap.Extras.Placeholder.EditorTests", "Unity.2D.Tilemap.Extras.Placeholder.EditorTests.csproj", "{FAFDB965-0899-067B-71C7-93724D6D9835}"
EndProject
Global
	GlobalSection(SolutionConfigurationPlatforms) = preSolution
		Debug|Any CPU = Debug|Any CPU
		Release|Any CPU = Release|Any CPU
	EndGlobalSection
	GlobalSection(ProjectConfigurationPlatforms) = postSolution
		{44427D39-A5CA-42EF-B0E8-AD5410102EE4}.Debug|Any CPU.ActiveCfg = Debug|Any CPU
		{44427D39-A5CA-42EF-B0E8-AD5410102EE4}.Debug|Any CPU.Build.0 = Debug|Any CPU
		{44427D39-A5CA-42EF-B0E8-AD5410102EE4}.Release|Any CPU.ActiveCfg = Release|Any CPU
		{44427D39-A5CA-42EF-B0E8-AD5410102EE4}.Release|Any CPU.Build.0 = Release|Any CPU
		{F0D58322-62F0-3B6A-C4AE-973398056525}.Debug|Any CPU.ActiveCfg = Debug|Any CPU
		{F0D58322-62F0-3B6A-C4AE-973398056525}.Debug|Any CPU.Build.0 = Debug|Any CPU
		{F0D58322-62F0-3B6A-C4AE-973398056525}.Release|Any CPU.ActiveCfg = Release|Any CPU
		{F0D58322-62F0-3B6A-C4AE-973398056525}.Release|Any CPU.Build.0 = Release|Any CPU
		{1A486EED-5172-C334-283C-750E9AE99EE6}.Debug|Any CPU.ActiveCfg = Debug|Any CPU
		{1A486EED-5172-C334-283C-750E9AE99EE6}.Debug|Any CPU.Build.0 = Debug|Any CPU
		{1A486EED-5172-C334-283C-750E9AE99EE6}.Release|Any CPU.ActiveCfg = Release|Any CPU
		{1A486EED-5172-C334-283C-750E9AE99EE6}.Release|Any CPU.Build.0 = Release|Any CPU
		{9A9AB865-8993-11D0-08F1-3229FA2046B9}.Debug|Any CPU.ActiveCfg = Debug|Any CPU
		{9A9AB865-8993-11D0-08F1-3229FA2046B9}.Debug|Any CPU.Build.0 = Debug|Any CPU
		{9A9AB865-8993-11D0-08F1-3229FA2046B9}.Release|Any CPU.ActiveCfg = Release|Any CPU
		{9A9AB865-8993-11D0-08F1-3229FA2046B9}.Release|Any CPU.Build.0 = Release|Any CPU
		{2F4433B7-25C9-7D11-33C0-CC33CC28CF4C}.Debug|Any CPU.ActiveCfg = Debug|Any CPU
		{2F4433B7-25C9-7D11-33C0-CC33CC28CF4C}.Debug|Any CPU.Build.0 = Debug|Any CPU
		{2F4433B7-25C9-7D11-33C0-CC33CC28CF4C}.Release|Any CPU.ActiveCfg = Release|Any CPU
		{2F4433B7-25C9-7D11-33C0-CC33CC28CF4C}.Release|Any CPU.Build.0 = Release|Any CPU
		{FBF03D4D-2420-E706-E40E-10B71A9EF184}.Debug|Any CPU.ActiveCfg = Debug|Any CPU
		{FBF03D4D-2420-E706-E40E-10B71A9EF184}.Debug|Any CPU.Build.0 = Debug|Any CPU
		{FBF03D4D-2420-E706-E40E-10B71A9EF184}.Release|Any CPU.ActiveCfg = Release|Any CPU
		{FBF03D4D-2420-E706-E40E-10B71A9EF184}.Release|Any CPU.Build.0 = Release|Any CPU
		{FAFDB965-0899-067B-71C7-93724D6D9835}.Debug|Any CPU.ActiveCfg = Debug|Any CPU
		{FAFDB965-0899-067B-71C7-93724D6D9835}.Debug|Any CPU.Build.0 = Debug|Any CPU
		{FAFDB965-0899-067B-71C7-93724D6D9835}.Release|Any CPU.ActiveCfg = Release|Any CPU
		{FAFDB965-0899-067B-71C7-93724D6D9835}.Release|Any CPU.Build.0 = Release|Any CPU
	EndGlobalSection
	GlobalSection(SolutionProperties) = preSolution
		HideSolutionNode = FALSE
	EndGlobalSection
EndGlobal
